// !$*UTF8*$!
{
	archiveVersion = 1;
	classes = {
	};
	objectVersion = 55;
	objects = {

/* Begin PBXBuildFile section */
		69F256E8A2A5E9CB5AFAE934 /* Pods_About_Covid_19.framework in Frameworks */ = {isa = PBXBuildFile; fileRef = 8AC18D94F647B3AE64681FB3 /* Pods_About_Covid_19.framework */; };
		9978D9CA27155EEF009DD07A /* AppDelegate.swift in Sources */ = {isa = PBXBuildFile; fileRef = 9978D9C927155EEF009DD07A /* AppDelegate.swift */; };
		9978D9CC27155EEF009DD07A /* SceneDelegate.swift in Sources */ = {isa = PBXBuildFile; fileRef = 9978D9CB27155EEF009DD07A /* SceneDelegate.swift */; };
		9978D9CE27155EEF009DD07A /* StartViewController.swift in Sources */ = {isa = PBXBuildFile; fileRef = 9978D9CD27155EEF009DD07A /* StartViewController.swift */; };
		9978D9D127155EEF009DD07A /* Main.storyboard in Resources */ = {isa = PBXBuildFile; fileRef = 9978D9CF27155EEF009DD07A /* Main.storyboard */; };
		9978D9D327155EF0009DD07A /* Assets.xcassets in Resources */ = {isa = PBXBuildFile; fileRef = 9978D9D227155EF0009DD07A /* Assets.xcassets */; };
		9978D9D627155EF0009DD07A /* LaunchScreen.storyboard in Resources */ = {isa = PBXBuildFile; fileRef = 9978D9D427155EF0009DD07A /* LaunchScreen.storyboard */; };
		9978DAB02716BD2D009DD07A /* FacebookCore in Frameworks */ = {isa = PBXBuildFile; productRef = 9978DAAF2716BD2D009DD07A /* FacebookCore */; };
		9978DAB22716BD2D009DD07A /* FacebookLogin in Frameworks */ = {isa = PBXBuildFile; productRef = 9978DAB12716BD2D009DD07A /* FacebookLogin */; };
		9978DAB42716D0B9009DD07A /* Extension_UIView.swift in Sources */ = {isa = PBXBuildFile; fileRef = 9978DAB32716D0B9009DD07A /* Extension_UIView.swift */; };
		9978DAB62716D5BA009DD07A /* firstViewController.swift in Sources */ = {isa = PBXBuildFile; fileRef = 9978DAB52716D5BA009DD07A /* firstViewController.swift */; };
		9978DAB82716D5C2009DD07A /* secondViewController.swift in Sources */ = {isa = PBXBuildFile; fileRef = 9978DAB72716D5C2009DD07A /* secondViewController.swift */; };
		9978DABA2716D5D0009DD07A /* thirdViewController.swift in Sources */ = {isa = PBXBuildFile; fileRef = 9978DAB92716D5D0009DD07A /* thirdViewController.swift */; };
		9978DABC2716D622009DD07A /* ViewController.swift in Sources */ = {isa = PBXBuildFile; fileRef = 9978DABB2716D622009DD07A /* ViewController.swift */; };
/* End PBXBuildFile section */

/* Begin PBXFileReference section */
		04937D65D74006E3504EFE39 /* Pods-About-Covid-19.release.xcconfig */ = {isa = PBXFileReference; includeInIndex = 1; lastKnownFileType = text.xcconfig; name = "Pods-About-Covid-19.release.xcconfig"; path = "Target Support Files/Pods-About-Covid-19/Pods-About-Covid-19.release.xcconfig"; sourceTree = "<group>"; };
		8AC18D94F647B3AE64681FB3 /* Pods_About_Covid_19.framework */ = {isa = PBXFileReference; explicitFileType = wrapper.framework; includeInIndex = 0; path = Pods_About_Covid_19.framework; sourceTree = BUILT_PRODUCTS_DIR; };
		9978D9C627155EEF009DD07A /* About-Covid-19.app */ = {isa = PBXFileReference; explicitFileType = wrapper.application; includeInIndex = 0; path = "About-Covid-19.app"; sourceTree = BUILT_PRODUCTS_DIR; };
		9978D9C927155EEF009DD07A /* AppDelegate.swift */ = {isa = PBXFileReference; lastKnownFileType = sourcecode.swift; path = AppDelegate.swift; sourceTree = "<group>"; };
		9978D9CB27155EEF009DD07A /* SceneDelegate.swift */ = {isa = PBXFileReference; lastKnownFileType = sourcecode.swift; path = SceneDelegate.swift; sourceTree = "<group>"; };
		9978D9CD27155EEF009DD07A /* StartViewController.swift */ = {isa = PBXFileReference; lastKnownFileType = sourcecode.swift; path = StartViewController.swift; sourceTree = "<group>"; };
		9978D9D027155EEF009DD07A /* Base */ = {isa = PBXFileReference; lastKnownFileType = file.storyboard; name = Base; path = Base.lproj/Main.storyboard; sourceTree = "<group>"; };
		9978D9D227155EF0009DD07A /* Assets.xcassets */ = {isa = PBXFileReference; lastKnownFileType = folder.assetcatalog; path = Assets.xcassets; sourceTree = "<group>"; };
		9978D9D527155EF0009DD07A /* Base */ = {isa = PBXFileReference; lastKnownFileType = file.storyboard; name = Base; path = Base.lproj/LaunchScreen.storyboard; sourceTree = "<group>"; };
		9978D9D727155EF0009DD07A /* Info.plist */ = {isa = PBXFileReference; lastKnownFileType = text.plist.xml; path = Info.plist; sourceTree = "<group>"; };
		9978DAB32716D0B9009DD07A /* Extension_UIView.swift */ = {isa = PBXFileReference; lastKnownFileType = sourcecode.swift; path = Extension_UIView.swift; sourceTree = "<group>"; };
		9978DAB52716D5BA009DD07A /* firstViewController.swift */ = {isa = PBXFileReference; lastKnownFileType = sourcecode.swift; path = firstViewController.swift; sourceTree = "<group>"; };
		9978DAB72716D5C2009DD07A /* secondViewController.swift */ = {isa = PBXFileReference; lastKnownFileType = sourcecode.swift; path = secondViewController.swift; sourceTree = "<group>"; };
		9978DAB92716D5D0009DD07A /* thirdViewController.swift */ = {isa = PBXFileReference; lastKnownFileType = sourcecode.swift; path = thirdViewController.swift; sourceTree = "<group>"; };
		9978DABB2716D622009DD07A /* ViewController.swift */ = {isa = PBXFileReference; lastKnownFileType = sourcecode.swift; path = ViewController.swift; sourceTree = "<group>"; };
		C5DF72E2E064F8E5145D618C /* Pods-About-Covid-19.debug.xcconfig */ = {isa = PBXFileReference; includeInIndex = 1; lastKnownFileType = text.xcconfig; name = "Pods-About-Covid-19.debug.xcconfig"; path = "Target Support Files/Pods-About-Covid-19/Pods-About-Covid-19.debug.xcconfig"; sourceTree = "<group>"; };
/* End PBXFileReference section */

/* Begin PBXFrameworksBuildPhase section */
		9978D9C327155EEF009DD07A /* Frameworks */ = {
			isa = PBXFrameworksBuildPhase;
			buildActionMask = 2147483647;
			files = (
				9978DAB22716BD2D009DD07A /* FacebookLogin in Frameworks */,
				9978DAB02716BD2D009DD07A /* FacebookCore in Frameworks */,
				69F256E8A2A5E9CB5AFAE934 /* Pods_About_Covid_19.framework in Frameworks */,
			);
			runOnlyForDeploymentPostprocessing = 0;
		};
/* End PBXFrameworksBuildPhase section */

/* Begin PBXGroup section */
		89C327D5E21556B5D0FC745C /* Frameworks */ = {
			isa = PBXGroup;
			children = (
				8AC18D94F647B3AE64681FB3 /* Pods_About_Covid_19.framework */,
			);
			name = Frameworks;
			sourceTree = "<group>";
		};
		9978D9BD27155EEF009DD07A = {
			isa = PBXGroup;
			children = (
				9978D9C827155EEF009DD07A /* About-Covid-19 */,
				9978D9C727155EEF009DD07A /* Products */,
				ED9DE12F6C55CADF8EFBE4D2 /* Pods */,
				89C327D5E21556B5D0FC745C /* Frameworks */,
			);
			sourceTree = "<group>";
		};
		9978D9C727155EEF009DD07A /* Products */ = {
			isa = PBXGroup;
			children = (
				9978D9C627155EEF009DD07A /* About-Covid-19.app */,
			);
			name = Products;
			sourceTree = "<group>";
		};
		9978D9C827155EEF009DD07A /* About-Covid-19 */ = {
			isa = PBXGroup;
			children = (
				9978D9C927155EEF009DD07A /* AppDelegate.swift */,
				9978D9CB27155EEF009DD07A /* SceneDelegate.swift */,
				9978DABD2716D62D009DD07A /* ViewController */,
				9978D9CF27155EEF009DD07A /* Main.storyboard */,
				9978D9D227155EF0009DD07A /* Assets.xcassets */,
				9978D9D427155EF0009DD07A /* LaunchScreen.storyboard */,
				9978D9D727155EF0009DD07A /* Info.plist */,
				9978DAB32716D0B9009DD07A /* Extension_UIView.swift */,
			);
			path = "About-Covid-19";
			sourceTree = "<group>";
		};
		9978DABD2716D62D009DD07A /* ViewController */ = {
			isa = PBXGroup;
			children = (
				9978D9CD27155EEF009DD07A /* StartViewController.swift */,
				9978DABB2716D622009DD07A /* ViewController.swift */,
				9978DAB52716D5BA009DD07A /* firstViewController.swift */,
				9978DAB72716D5C2009DD07A /* secondViewController.swift */,
				9978DAB92716D5D0009DD07A /* thirdViewController.swift */,
			);
			path = ViewController;
			sourceTree = "<group>";
		};
		ED9DE12F6C55CADF8EFBE4D2 /* Pods */ = {
			isa = PBXGroup;
			children = (
				C5DF72E2E064F8E5145D618C /* Pods-About-Covid-19.debug.xcconfig */,
				04937D65D74006E3504EFE39 /* Pods-About-Covid-19.release.xcconfig */,
			);
			path = Pods;
			sourceTree = "<group>";
		};
/* End PBXGroup section */

/* Begin PBXNativeTarget section */
		9978D9C527155EEF009DD07A /* About-Covid-19 */ = {
			isa = PBXNativeTarget;
			buildConfigurationList = 9978D9DA27155EF0009DD07A /* Build configuration list for PBXNativeTarget "About-Covid-19" */;
			buildPhases = (
				517FF815D24BABBD9AB83B79 /* [CP] Check Pods Manifest.lock */,
				9978D9C227155EEF009DD07A /* Sources */,
				9978D9C327155EEF009DD07A /* Frameworks */,
				9978D9C427155EEF009DD07A /* Resources */,
				1F4B57AFE985656FCA783B1D /* [CP] Embed Pods Frameworks */,
			);
			buildRules = (
			);
			dependencies = (
			);
			name = "About-Covid-19";
			packageProductDependencies = (
				9978DAAF2716BD2D009DD07A /* FacebookCore */,
				9978DAB12716BD2D009DD07A /* FacebookLogin */,
			);
			productName = "About-Covid-19";
			productReference = 9978D9C627155EEF009DD07A /* About-Covid-19.app */;
			productType = "com.apple.product-type.application";
		};
/* End PBXNativeTarget section */

/* Begin PBXProject section */
		9978D9BE27155EEF009DD07A /* Project object */ = {
			isa = PBXProject;
			attributes = {
				BuildIndependentTargetsInParallel = 1;
				LastSwiftUpdateCheck = 1300;
				LastUpgradeCheck = 1300;
				TargetAttributes = {
					9978D9C527155EEF009DD07A = {
						CreatedOnToolsVersion = 13.0;
					};
				};
			};
			buildConfigurationList = 9978D9C127155EEF009DD07A /* Build configuration list for PBXProject "About-Covid-19" */;
			compatibilityVersion = "Xcode 13.0";
			developmentRegion = en;
			hasScannedForEncodings = 0;
			knownRegions = (
				en,
				Base,
			);
			mainGroup = 9978D9BD27155EEF009DD07A;
			packageReferences = (
				9978DAAE2716BD2D009DD07A /* XCRemoteSwiftPackageReference "facebook-ios-sdk" */,
			);
			productRefGroup = 9978D9C727155EEF009DD07A /* Products */;
			projectDirPath = "";
			projectRoot = "";
			targets = (
				9978D9C527155EEF009DD07A /* About-Covid-19 */,
			);
		};
/* End PBXProject section */

/* Begin PBXResourcesBuildPhase section */
		9978D9C427155EEF009DD07A /* Resources */ = {
			isa = PBXResourcesBuildPhase;
			buildActionMask = 2147483647;
			files = (
				9978D9D627155EF0009DD07A /* LaunchScreen.storyboard in Resources */,
				9978D9D327155EF0009DD07A /* Assets.xcassets in Resources */,
				9978D9D127155EEF009DD07A /* Main.storyboard in Resources */,
			);
			runOnlyForDeploymentPostprocessing = 0;
		};
/* End PBXResourcesBuildPhase section */

/* Begin PBXShellScriptBuildPhase section */
		1F4B57AFE985656FCA783B1D /* [CP] Embed Pods Frameworks */ = {
			isa = PBXShellScriptBuildPhase;
			buildActionMask = 2147483647;
			files = (
			);
			inputFileListPaths = (
				"${PODS_ROOT}/Target Support Files/Pods-About-Covid-19/Pods-About-Covid-19-frameworks-${CONFIGURATION}-input-files.xcfilelist",
			);
			name = "[CP] Embed Pods Frameworks";
			outputFileListPaths = (
				"${PODS_ROOT}/Target Support Files/Pods-About-Covid-19/Pods-About-Covid-19-frameworks-${CONFIGURATION}-output-files.xcfilelist",
			);
			runOnlyForDeploymentPostprocessing = 0;
			shellPath = /bin/sh;
			shellScript = "\"${PODS_ROOT}/Target Support Files/Pods-About-Covid-19/Pods-About-Covid-19-frameworks.sh\"\n";
			showEnvVarsInLog = 0;
		};
		517FF815D24BABBD9AB83B79 /* [CP] Check Pods Manifest.lock */ = {
			isa = PBXShellScriptBuildPhase;
			buildActionMask = 2147483647;
			files = (
			);
			inputFileListPaths = (
			);
			inputPaths = (
				"${PODS_PODFILE_DIR_PATH}/Podfile.lock",
				"${PODS_ROOT}/Manifest.lock",
			);
			name = "[CP] Check Pods Manifest.lock";
			outputFileListPaths = (
			);
			outputPaths = (
				"$(DERIVED_FILE_DIR)/Pods-About-Covid-19-checkManifestLockResult.txt",
			);
			runOnlyForDeploymentPostprocessing = 0;
			shellPath = /bin/sh;
			shellScript = "diff \"${PODS_PODFILE_DIR_PATH}/Podfile.lock\" \"${PODS_ROOT}/Manifest.lock\" > /dev/null\nif [ $? != 0 ] ; then\n    # print error to STDERR\n    echo \"error: The sandbox is not in sync with the Podfile.lock. Run 'pod install' or update your CocoaPods installation.\" >&2\n    exit 1\nfi\n# This output is used by Xcode 'outputs' to avoid re-running this script phase.\necho \"SUCCESS\" > \"${SCRIPT_OUTPUT_FILE_0}\"\n";
			showEnvVarsInLog = 0;
		};
/* End PBXShellScriptBuildPhase section */

/* Begin PBXSourcesBuildPhase section */
		9978D9C227155EEF009DD07A /* Sources */ = {
			isa = PBXSourcesBuildPhase;
			buildActionMask = 2147483647;
			files = (
				9978D9CE27155EEF009DD07A /* StartViewController.swift in Sources */,
				9978DABA2716D5D0009DD07A /* thirdViewController.swift in Sources */,
				9978DAB62716D5BA009DD07A /* firstViewController.swift in Sources */,
				9978D9CA27155EEF009DD07A /* AppDelegate.swift in Sources */,
				9978DAB42716D0B9009DD07A /* Extension_UIView.swift in Sources */,
				9978DAB82716D5C2009DD07A /* secondViewController.swift in Sources */,
				9978D9CC27155EEF009DD07A /* SceneDelegate.swift in Sources */,
				9978DABC2716D622009DD07A /* ViewController.swift in Sources */,
			);
			runOnlyForDeploymentPostprocessing = 0;
		};
/* End PBXSourcesBuildPhase section */

/* Begin PBXVariantGroup section */
		9978D9CF27155EEF009DD07A /* Main.storyboard */ = {
			isa = PBXVariantGroup;
			children = (
				9978D9D027155EEF009DD07A /* Base */,
			);
			name = Main.storyboard;
			sourceTree = "<group>";
		};
		9978D9D427155EF0009DD07A /* LaunchScreen.storyboard */ = {
			isa = PBXVariantGroup;
			children = (
				9978D9D527155EF0009DD07A /* Base */,
			);
			name = LaunchScreen.storyboard;
			sourceTree = "<group>";
		};
/* End PBXVariantGroup section */

/* Begin XCBuildConfiguration section */
		9978D9D827155EF0009DD07A /* Debug */ = {
			isa = XCBuildConfiguration;
			buildSettings = {
				ALWAYS_SEARCH_USER_PATHS = NO;
				CLANG_ANALYZER_NONNULL = YES;
				CLANG_ANALYZER_NUMBER_OBJECT_CONVERSION = YES_AGGRESSIVE;
				CLANG_CXX_LANGUAGE_STANDARD = "gnu++17";
				CLANG_CXX_LIBRARY = "libc++";
				CLANG_ENABLE_MODULES = YES;
				CLANG_ENABLE_OBJC_ARC = YES;
				CLANG_ENABLE_OBJC_WEAK = YES;
				CLANG_WARN_BLOCK_CAPTURE_AUTORELEASING = YES;
				CLANG_WARN_BOOL_CONVERSION = YES;
				CLANG_WARN_COMMA = YES;
				CLANG_WARN_CONSTANT_CONVERSION = YES;
				CLANG_WARN_DEPRECATED_OBJC_IMPLEMENTATIONS = YES;
				CLANG_WARN_DIRECT_OBJC_ISA_USAGE = YES_ERROR;
				CLANG_WARN_DOCUMENTATION_COMMENTS = YES;
				CLANG_WARN_EMPTY_BODY = YES;
				CLANG_WARN_ENUM_CONVERSION = YES;
				CLANG_WARN_INFINITE_RECURSION = YES;
				CLANG_WARN_INT_CONVERSION = YES;
				CLANG_WARN_NON_LITERAL_NULL_CONVERSION = YES;
				CLANG_WARN_OBJC_IMPLICIT_RETAIN_SELF = YES;
				CLANG_WARN_OBJC_LITERAL_CONVERSION = YES;
				CLANG_WARN_OBJC_ROOT_CLASS = YES_ERROR;
				CLANG_WARN_QUOTED_INCLUDE_IN_FRAMEWORK_HEADER = YES;
				CLANG_WARN_RANGE_LOOP_ANALYSIS = YES;
				CLANG_WARN_STRICT_PROTOTYPES = YES;
				CLANG_WARN_SUSPICIOUS_MOVE = YES;
				CLANG_WARN_UNGUARDED_AVAILABILITY = YES_AGGRESSIVE;
				CLANG_WARN_UNREACHABLE_CODE = YES;
				CLANG_WARN__DUPLICATE_METHOD_MATCH = YES;
				COPY_PHASE_STRIP = NO;
				DEBUG_INFORMATION_FORMAT = dwarf;
				ENABLE_STRICT_OBJC_MSGSEND = YES;
				ENABLE_TESTABILITY = YES;
				GCC_C_LANGUAGE_STANDARD = gnu11;
				GCC_DYNAMIC_NO_PIC = NO;
				GCC_NO_COMMON_BLOCKS = YES;
				GCC_OPTIMIZATION_LEVEL = 0;
				GCC_PREPROCESSOR_DEFINITIONS = (
					"DEBUG=1",
					"$(inherited)",
				);
				GCC_WARN_64_TO_32_BIT_CONVERSION = YES;
				GCC_WARN_ABOUT_RETURN_TYPE = YES_ERROR;
				GCC_WARN_UNDECLARED_SELECTOR = YES;
				GCC_WARN_UNINITIALIZED_AUTOS = YES_AGGRESSIVE;
				GCC_WARN_UNUSED_FUNCTION = YES;
				GCC_WARN_UNUSED_VARIABLE = YES;
				IPHONEOS_DEPLOYMENT_TARGET = 15.0;
				MTL_ENABLE_DEBUG_INFO = INCLUDE_SOURCE;
				MTL_FAST_MATH = YES;
				ONLY_ACTIVE_ARCH = YES;
				SDKROOT = iphoneos;
				SWIFT_ACTIVE_COMPILATION_CONDITIONS = DEBUG;
				SWIFT_OPTIMIZATION_LEVEL = "-Onone";
			};
			name = Debug;
		};
		9978D9D927155EF0009DD07A /* Release */ = {
			isa = XCBuildConfiguration;
			buildSettings = {
				ALWAYS_SEARCH_USER_PATHS = NO;
				CLANG_ANALYZER_NONNULL = YES;
				CLANG_ANALYZER_NUMBER_OBJECT_CONVERSION = YES_AGGRESSIVE;
				CLANG_CXX_LANGUAGE_STANDARD = "gnu++17";
				CLANG_CXX_LIBRARY = "libc++";
				CLANG_ENABLE_MODULES = YES;
				CLANG_ENABLE_OBJC_ARC = YES;
				CLANG_ENABLE_OBJC_WEAK = YES;
				CLANG_WARN_BLOCK_CAPTURE_AUTORELEASING = YES;
				CLANG_WARN_BOOL_CONVERSION = YES;
				CLANG_WARN_COMMA = YES;
				CLANG_WARN_CONSTANT_CONVERSION = YES;
				CLANG_WARN_DEPRECATED_OBJC_IMPLEMENTATIONS = YES;
				CLANG_WARN_DIRECT_OBJC_ISA_USAGE = YES_ERROR;
				CLANG_WARN_DOCUMENTATION_COMMENTS = YES;
				CLANG_WARN_EMPTY_BODY = YES;
				CLANG_WARN_ENUM_CONVERSION = YES;
				CLANG_WARN_INFINITE_RECURSION = YES;
				CLANG_WARN_INT_CONVERSION = YES;
				CLANG_WARN_NON_LITERAL_NULL_CONVERSION = YES;
				CLANG_WARN_OBJC_IMPLICIT_RETAIN_SELF = YES;
				CLANG_WARN_OBJC_LITERAL_CONVERSION = YES;
				CLANG_WARN_OBJC_ROOT_CLASS = YES_ERROR;
				CLANG_WARN_QUOTED_INCLUDE_IN_FRAMEWORK_HEADER = YES;
				CLANG_WARN_RANGE_LOOP_ANALYSIS = YES;
				CLANG_WARN_STRICT_PROTOTYPES = YES;
				CLANG_WARN_SUSPICIOUS_MOVE = YES;
				CLANG_WARN_UNGUARDED_AVAILABILITY = YES_AGGRESSIVE;
				CLANG_WARN_UNREACHABLE_CODE = YES;
				CLANG_WARN__DUPLICATE_METHOD_MATCH = YES;
				COPY_PHASE_STRIP = NO;
				DEBUG_INFORMATION_FORMAT = "dwarf-with-dsym";
				ENABLE_NS_ASSERTIONS = NO;
				ENABLE_STRICT_OBJC_MSGSEND = YES;
				GCC_C_LANGUAGE_STANDARD = gnu11;
				GCC_NO_COMMON_BLOCKS = YES;
				GCC_WARN_64_TO_32_BIT_CONVERSION = YES;
				GCC_WARN_ABOUT_RETURN_TYPE = YES_ERROR;
				GCC_WARN_UNDECLARED_SELECTOR = YES;
				GCC_WARN_UNINITIALIZED_AUTOS = YES_AGGRESSIVE;
				GCC_WARN_UNUSED_FUNCTION = YES;
				GCC_WARN_UNUSED_VARIABLE = YES;
				IPHONEOS_DEPLOYMENT_TARGET = 15.0;
				MTL_ENABLE_DEBUG_INFO = NO;
				MTL_FAST_MATH = YES;
				SDKROOT = iphoneos;
				SWIFT_COMPILATION_MODE = wholemodule;
				SWIFT_OPTIMIZATION_LEVEL = "-O";
				VALIDATE_PRODUCT = YES;
			};
			name = Release;
		};
		9978D9DB27155EF0009DD07A /* Debug */ = {
			isa = XCBuildConfiguration;
			baseConfigurationReference = C5DF72E2E064F8E5145D618C /* Pods-About-Covid-19.debug.xcconfig */;
			buildSettings = {
				ASSETCATALOG_COMPILER_APPICON_NAME = AppIcon;
				ASSETCATALOG_COMPILER_GLOBAL_ACCENT_COLOR_NAME = AccentColor;
				CODE_SIGN_STYLE = Automatic;
				CURRENT_PROJECT_VERSION = 1;
				DEVELOPMENT_TEAM = JXFMRW69P3;
				GENERATE_INFOPLIST_FILE = YES;
				INFOPLIST_FILE = "About-Covid-19/Info.plist";
				INFOPLIST_KEY_UIApplicationSupportsIndirectInputEvents = YES;
				INFOPLIST_KEY_UILaunchStoryboardName = LaunchScreen;
				INFOPLIST_KEY_UIMainStoryboardFile = Main;
				INFOPLIST_KEY_UISupportedInterfaceOrientations_iPad = "UIInterfaceOrientationPortrait UIInterfaceOrientationPortraitUpsideDown UIInterfaceOrientationLandscapeLeft UIInterfaceOrientationLandscapeRight";
				INFOPLIST_KEY_UISupportedInterfaceOrientations_iPhone = "UIInterfaceOrientationPortrait UIInterfaceOrientationLandscapeLeft UIInterfaceOrientationLandscapeRight";
				LD_RUNPATH_SEARCH_PATHS = (
					"$(inherited)",
					"@executable_path/Frameworks",
				);
				MARKETING_VERSION = 1.0;
				PRODUCT_BUNDLE_IDENTIFIER = "iOSoo.About-Covid-19";
				PRODUCT_NAME = "$(TARGET_NAME)";
				SWIFT_EMIT_LOC_STRINGS = YES;
				SWIFT_VERSION = 5.0;
				TARGETED_DEVICE_FAMILY = "1,2";
			};
			name = Debug;
		};
		9978D9DC27155EF0009DD07A /* Release */ = {
			isa = XCBuildConfiguration;
			baseConfigurationReference = 04937D65D74006E3504EFE39 /* Pods-About-Covid-19.release.xcconfig */;
			buildSettings = {
				ASSETCATALOG_COMPILER_APPICON_NAME = AppIcon;
				ASSETCATALOG_COMPILER_GLOBAL_ACCENT_COLOR_NAME = AccentColor;
				CODE_SIGN_STYLE = Automatic;
				CURRENT_PROJECT_VERSION = 1;
				DEVELOPMENT_TEAM = JXFMRW69P3;
				GENERATE_INFOPLIST_FILE = YES;
				INFOPLIST_FILE = "About-Covid-19/Info.plist";
				INFOPLIST_KEY_UIApplicationSupportsIndirectInputEvents = YES;
				INFOPLIST_KEY_UILaunchStoryboardName = LaunchScreen;
				INFOPLIST_KEY_UIMainStoryboardFile = Main;
				INFOPLIST_KEY_UISupportedInterfaceOrientations_iPad = "UIInterfaceOrientationPortrait UIInterfaceOrientationPortraitUpsideDown UIInterfaceOrientationLandscapeLeft UIInterfaceOrientationLandscapeRight";
				INFOPLIST_KEY_UISupportedInterfaceOrientations_iPhone = "UIInterfaceOrientationPortrait UIInterfaceOrientationLandscapeLeft UIInterfaceOrientationLandscapeRight";
				LD_RUNPATH_SEARCH_PATHS = (
					"$(inherited)",
					"@executable_path/Frameworks",
				);
				MARKETING_VERSION = 1.0;
				PRODUCT_BUNDLE_IDENTIFIER = "iOSoo.About-Covid-19";
				PRODUCT_NAME = "$(TARGET_NAME)";
				SWIFT_EMIT_LOC_STRINGS = YES;
				SWIFT_VERSION = 5.0;
				TARGETED_DEVICE_FAMILY = "1,2";
			};
			name = Release;
		};
/* End XCBuildConfiguration section */

/* Begin XCConfigurationList section */
		9978D9C127155EEF009DD07A /* Build configuration list for PBXProject "About-Covid-19" */ = {
			isa = XCConfigurationList;
			buildConfigurations = (
				9978D9D827155EF0009DD07A /* Debug */,
				9978D9D927155EF0009DD07A /* Release */,
			);
			defaultConfigurationIsVisible = 0;
			defaultConfigurationName = Release;
		};
		9978D9DA27155EF0009DD07A /* Build configuration list for PBXNativeTarget "About-Covid-19" */ = {
			isa = XCConfigurationList;
			buildConfigurations = (
				9978D9DB27155EF0009DD07A /* Debug */,
				9978D9DC27155EF0009DD07A /* Release */,
			);
			defaultConfigurationIsVisible = 0;
			defaultConfigurationName = Release;
		};
/* End XCConfigurationList section */

/* Begin XCRemoteSwiftPackageReference section */
		9978DAAE2716BD2D009DD07A /* XCRemoteSwiftPackageReference "facebook-ios-sdk" */ = {
			isa = XCRemoteSwiftPackageReference;
			repositoryURL = "https://github.com/facebook/facebook-ios-sdk.git";
			requirement = {
				kind = upToNextMajorVersion;
				minimumVersion = 9.0.0;
			};
		};
/* End XCRemoteSwiftPackageReference section */

/* Begin XCSwiftPackageProductDependency section */
		9978DAAF2716BD2D009DD07A /* FacebookCore */ = {
			isa = XCSwiftPackageProductDependency;
			package = 9978DAAE2716BD2D009DD07A /* XCRemoteSwiftPackageReference "facebook-ios-sdk" */;
			productName = FacebookCore;
		};
		9978DAB12716BD2D009DD07A /* FacebookLogin */ = {
			isa = XCSwiftPackageProductDependency;
			package = 9978DAAE2716BD2D009DD07A /* XCRemoteSwiftPackageReference "facebook-ios-sdk" */;
			productName = FacebookLogin;
		};
/* End XCSwiftPackageProductDependency section */
	};
	rootObject = 9978D9BE27155EEF009DD07A /* Project object */;
}
